schema: '2.0'
stages:
  data_ingestion:
    cmd: python src/data/data_ingestion.py
    deps:
    - path: src/data/data_ingestion.py
      hash: md5
      md5: bb90bfe1d3421ae80bc439a161d04e3e
      size: 3449
    params:
      params.yaml:
        data_ingestion.test_size: 0.2
    outs:
    - path: data/raw
      hash: md5
      md5: 6d7c9717b531961233cd66af69381384.dir
      size: 817597
      nfiles: 2
  data_preprocessing:
    cmd: python src/data/data_preprocessing.py
    deps:
    - path: data/raw
      hash: md5
      md5: 6d7c9717b531961233cd66af69381384.dir
      size: 817597
      nfiles: 2
    - path: src/data/data_preprocessing.py
      hash: md5
      md5: d8a3c6ea1586ab979412a6e6047162ac
      size: 3896
    outs:
    - path: data/interim
      hash: md5
      md5: 94e5f89803f9da6e0be502e0765c11ba.dir
      size: 555834
      nfiles: 2
  feature_engineering:
    cmd: python src/features/feature_engineering.py
    deps:
    - path: data/interim
      hash: md5
      md5: 94e5f89803f9da6e0be502e0765c11ba.dir
      size: 555834
      nfiles: 2
    - path: src/features/feature_engineering.py
      hash: md5
      md5: a4e2c9d9336aabf06653beacce87912e
      size: 3770
    params:
      params.yaml:
        feature_engineering.max_features: 3000
    outs:
    - path: data/processed
      hash: md5
      md5: 2560e93db155a10a1fabf531d5cbe5dc.dir
      size: 62292540
      nfiles: 2
    - path: models/vectorizer.pkl
      hash: md5
      md5: b756986580d8fb8a92c9cbcca2986cb4
      size: 82999
  model_building:
    cmd: python src/model/model_building.py
    deps:
    - path: data/processed
      hash: md5
      md5: 2560e93db155a10a1fabf531d5cbe5dc.dir
      size: 62292540
      nfiles: 2
    - path: src/model/model_building.py
      hash: md5
      md5: 4d89bb8181366c524ab585b55705b265
      size: 2298
    outs:
    - path: models/model.pkl
      hash: md5
      md5: 1e2c854989d8d59a563caa7b6566bf49
      size: 24717
  model_evaluation:
    cmd: python src/model/model_evaluation.py
    deps:
    - path: models/model.pkl
      hash: md5
      md5: 1e2c854989d8d59a563caa7b6566bf49
      size: 24717
    - path: src/model/model_evaluation.py
      hash: md5
      md5: d1b0b7d56608f45b44bdfc96615c550a
      size: 5500
    outs:
    - path: reports/experiment_info.json
      hash: md5
      md5: f253bcdd571d45a2bea64f26ebb54763
      size: 79
    - path: reports/metrics.json
      hash: md5
      md5: 26617408dd27b5f900b8cf3d3ded7d8b
      size: 139
  model_registration:
    cmd: python src/model/register_model.py
    deps:
    - path: reports/experiment_info.json
      hash: md5
      md5: f253bcdd571d45a2bea64f26ebb54763
      size: 79
    - path: src/model/register_model.py
      hash: md5
      md5: 6f316a58f906a615687461cb8aa6ca83
      size: 2798
